PODS:
  - Flutter (1.0.0)
  - FlutterTestPlugin (0.0.1):
    - Flutter

DEPENDENCIES:
  - Flutter (from `Flutter`)
  - FlutterTestPlugin (from `.symlinks/plugins/FlutterTestPlugin/ios`)

EXTERNAL SOURCES:
  Flutter:
    :path: Flutter
  FlutterTestPlugin:
    :path: ".symlinks/plugins/FlutterTestPlugin/ios"

SPEC CHECKSUMS:
  Flutter: 0e3d915762c693b495b44d77113d4970485de6ec
  FlutterTestPlugin: 4ab42399d97bacd6755c4390bd277db0691f4873

PODFILE CHECKSUM: aafe91acc616949ddb318b77800a7f51bffa2a4c

COCOAPODS: 1.9.3
